
Microsoft Visual Studio Solution File, Format Version 12.00
# Visual Studio 15
VisualStudioVersion = 15.0.26430.12
MinimumVisualStudioVersion = 10.0.40219.1
Project("{FAE04EC0-301F-11D3-BF4B-00C04F79EFBC}") = "Summerschool", "Summerschool\Summerschool.csproj", "{9892144C-99D9-4BE0-B926-DA3A4A2102C4}"
EndProject
Project("{FAE04EC0-301F-11D3-BF4B-00C04F79EFBC}") = "UnitTestProject Summer school", "UnitTestProject Summer school\UnitTestProject Summer school.csproj", "{E30D1121-D82C-4FE4-8CED-B1DE8DA0BE6D}"
EndProject
Global
	GlobalSection(SolutionConfigurationPlatforms) = preSolution
		Debug|Any CPU = Debug|Any CPU
		Release|Any CPU = Release|Any CPU
	EndGlobalSection
	GlobalSection(ProjectConfigurationPlatforms) = postSolution
		{9892144C-99D9-4BE0-B926-DA3A4A2102C4}.Debug|Any CPU.ActiveCfg = Debug|Any CPU
		{9892144C-99D9-4BE0-B926-DA3A4A2102C4}.Debug|Any CPU.Build.0 = Debug|Any CPU
		{9892144C-99D9-4BE0-B926-DA3A4A2102C4}.Release|Any CPU.ActiveCfg = Release|Any CPU
		{9892144C-99D9-4BE0-B926-DA3A4A2102C4}.Release|Any CPU.Build.0 = Release|Any CPU
		{E30D1121-D82C-4FE4-8CED-B1DE8DA0BE6D}.Debug|Any CPU.ActiveCfg = Debug|Any CPU
		{E30D1121-D82C-4FE4-8CED-B1DE8DA0BE6D}.Debug|Any CPU.Build.0 = Debug|Any CPU
		{E30D1121-D82C-4FE4-8CED-B1DE8DA0BE6D}.Release|Any CPU.ActiveCfg = Release|Any CPU
		{E30D1121-D82C-4FE4-8CED-B1DE8DA0BE6D}.Release|Any CPU.Build.0 = Release|Any CPU
	EndGlobalSection
	GlobalSection(SolutionProperties) = preSolution
		HideSolutionNode = FALSE
	EndGlobalSection
EndGlobal
